{
  "name": "@athena/client",
  "version": "1.0.0",
  "lockfileVersion": 3,
  "requires": true,
  "packages": {
    "": {
      "name": "@athena/client",
      "version": "1.0.0",
      "license": "ISC",
      "dependencies": {
        "@trpc/client": "^11.0.0-rc.490"
      }
    },
    "node_modules/@trpc/client": {
      "version": "11.0.0-rc.490",
      "resolved": "https://registry.npmjs.org/@trpc/client/-/client-11.0.0-rc.490.tgz",
      "integrity": "sha512-rfAzHF27osuP36JWGzq9TgXMnNc5kk1oAIoMafVHkCu3XlEZH3Ym2BpucHBWp/b5JYrtvzM91jskzvE0yO3mYw==",
      "funding": [
        "https://trpc.io/sponsor"
      ],
      "license": "MIT",
      "peerDependencies": {
        "@trpc/server": "11.0.0-rc.490+b6a851870"
      }
    },
    "node_modules/@trpc/server": {
      "version": "11.0.0-rc.490",
      "resolved": "https://registry.npmjs.org/@trpc/server/-/server-11.0.0-rc.490.tgz",
      "integrity": "sha512-JkKLvA0QIErqslsgU6uFvpv9xtxe78C59zqUdZFmUI0V9pIAJlxmODV4I9hTDcX8P+B30rP3z+q2+bPozN2MaQ==",
      "funding": [
        "https://trpc.io/sponsor"
      ],
      "license": "MIT",
      "peer": true
    }
  }
}
